
Microsoft Visual Studio Solution File, Format Version 12.00
# Visual Studio Version 17
VisualStudioVersion = 17.5.33424.131
MinimumVisualStudioVersion = 10.0.40219.1
Project("{FAE04EC0-301F-11D3-BF4B-00C04F79EFBC}") = "RealTimeChatApp", "RealTimeChatApp.csproj", "{046703CB-A529-4027-AF49-2463A5F6C34D}"
EndProject
Global
	GlobalSection(SolutionConfigurationPlatforms) = preSolution
		Debug|Any CPU = Debug|Any CPU
		Release|Any CPU = Release|Any CPU
	EndGlobalSection
	GlobalSection(ProjectConfigurationPlatforms) = postSolution
		{046703CB-A529-4027-AF49-2463A5F6C34D}.Debug|Any CPU.ActiveCfg = Debug|Any CPU
		{046703CB-A529-4027-AF49-2463A5F6C34D}.Debug|Any CPU.Build.0 = Debug|Any CPU
		{046703CB-A529-4027-AF49-2463A5F6C34D}.Release|Any CPU.ActiveCfg = Release|Any CPU
		{046703CB-A529-4027-AF49-2463A5F6C34D}.Release|Any CPU.Build.0 = Release|Any CPU
	EndGlobalSection
	GlobalSection(SolutionProperties) = preSolution
		HideSolutionNode = FALSE
	EndGlobalSection
	GlobalSection(ExtensibilityGlobals) = postSolution
		SolutionGuid = {96A94EE4-E10B-4AFC-AACC-32B84227FDD1}
	EndGlobalSection
EndGlobal
